
Microsoft Visual Studio Solution File, Format Version 12.00
# Visual Studio Version 17
VisualStudioVersion = 17.3.32825.248
MinimumVisualStudioVersion = 10.0.40219.1
Project("{FAE04EC0-301F-11D3-BF4B-00C04F79EFBC}") = "ConsoleApp14", "ConsoleApp14.csproj", "{DBB548EC-6321-4DE7-88B4-20B9E41B591E}"
EndProject
Global
	GlobalSection(SolutionConfigurationPlatforms) = preSolution
		Debug|Any CPU = Debug|Any CPU
		Release|Any CPU = Release|Any CPU
	EndGlobalSection
	GlobalSection(ProjectConfigurationPlatforms) = postSolution
		{DBB548EC-6321-4DE7-88B4-20B9E41B591E}.Debug|Any CPU.ActiveCfg = Debug|Any CPU
		{DBB548EC-6321-4DE7-88B4-20B9E41B591E}.Debug|Any CPU.Build.0 = Debug|Any CPU
		{DBB548EC-6321-4DE7-88B4-20B9E41B591E}.Release|Any CPU.ActiveCfg = Release|Any CPU
		{DBB548EC-6321-4DE7-88B4-20B9E41B591E}.Release|Any CPU.Build.0 = Release|Any CPU
	EndGlobalSection
	GlobalSection(SolutionProperties) = preSolution
		HideSolutionNode = FALSE
	EndGlobalSection
	GlobalSection(ExtensibilityGlobals) = postSolution
		SolutionGuid = {7CEB693F-5218-4616-BFE8-D4321536B00E}
	EndGlobalSection
EndGlobal
